
Microsoft Visual Studio Solution File, Format Version 12.00
# Visual Studio 15
VisualStudioVersion = 15.0.28010.2050
MinimumVisualStudioVersion = 10.0.40219.1
Project("{FAE04EC0-301F-11D3-BF4B-00C04F79EFBC}") = "TestPractice", "TestNinja\TestPractice.csproj", "{7328740E-4B78-464F-8352-65D887F2145F}"
EndProject
Project("{FAE04EC0-301F-11D3-BF4B-00C04F79EFBC}") = "TestPractice.UnitTests", "TestNinja.UnitTests\TestPractice.UnitTests.csproj", "{801A43CC-5164-4DAD-8A39-0EE5B3B35A01}"
EndProject
Global
	GlobalSection(SolutionConfigurationPlatforms) = preSolution
		Debug|Any CPU = Debug|Any CPU
		Release|Any CPU = Release|Any CPU
	EndGlobalSection
	GlobalSection(ProjectConfigurationPlatforms) = postSolution
		{7328740E-4B78-464F-8352-65D887F2145F}.Debug|Any CPU.ActiveCfg = Debug|Any CPU
		{7328740E-4B78-464F-8352-65D887F2145F}.Debug|Any CPU.Build.0 = Debug|Any CPU
		{7328740E-4B78-464F-8352-65D887F2145F}.Release|Any CPU.ActiveCfg = Release|Any CPU
		{7328740E-4B78-464F-8352-65D887F2145F}.Release|Any CPU.Build.0 = Release|Any CPU
		{801A43CC-5164-4DAD-8A39-0EE5B3B35A01}.Debug|Any CPU.ActiveCfg = Debug|Any CPU
		{801A43CC-5164-4DAD-8A39-0EE5B3B35A01}.Debug|Any CPU.Build.0 = Debug|Any CPU
		{801A43CC-5164-4DAD-8A39-0EE5B3B35A01}.Release|Any CPU.ActiveCfg = Release|Any CPU
		{801A43CC-5164-4DAD-8A39-0EE5B3B35A01}.Release|Any CPU.Build.0 = Release|Any CPU
	EndGlobalSection
	GlobalSection(SolutionProperties) = preSolution
		HideSolutionNode = FALSE
	EndGlobalSection
	GlobalSection(ExtensibilityGlobals) = postSolution
		SolutionGuid = {73729DDE-2303-4A35-83C6-35E7F0A193FB}
	EndGlobalSection
EndGlobal
